// !$*UTF8*$!
{
	archiveVersion = 1;
	classes = {
	};
	objectVersion = 56;
	objects = {

/* Begin PBXBuildFile section */
		7A9522D32CA484AE00174793 /* AppDelegate.swift in Sources */ = {isa = PBXBuildFile; fileRef = 7A9522D22CA484AE00174793 /* AppDelegate.swift */; };
		7A9522D52CA484AE00174793 /* SceneDelegate.swift in Sources */ = {isa = PBXBuildFile; fileRef = 7A9522D42CA484AE00174793 /* SceneDelegate.swift */; };
		7A9522D72CA484AE00174793 /* SignUpController.swift in Sources */ = {isa = PBXBuildFile; fileRef = 7A9522D62CA484AE00174793 /* SignUpController.swift */; };
		7A9522DA2CA484AE00174793 /* Main.storyboard in Resources */ = {isa = PBXBuildFile; fileRef = 7A9522D82CA484AE00174793 /* Main.storyboard */; };
		7A9522DC2CA484B200174793 /* Assets.xcassets in Resources */ = {isa = PBXBuildFile; fileRef = 7A9522DB2CA484B200174793 /* Assets.xcassets */; };
		7A9522DF2CA484B200174793 /* LaunchScreen.storyboard in Resources */ = {isa = PBXBuildFile; fileRef = 7A9522DD2CA484B200174793 /* LaunchScreen.storyboard */; };
		7A9522E72CA4AD7300174793 /* Parse.framework in Frameworks */ = {isa = PBXBuildFile; fileRef = 7A9522E62CA4AD7300174793 /* Parse.framework */; };
		7A9522F12CA4D6AD00174793 /* ErrorMiddleWare.swift in Sources */ = {isa = PBXBuildFile; fileRef = 7A9522F02CA4D6AD00174793 /* ErrorMiddleWare.swift */; };
		7A9522F42CA5E65000174793 /* SignInController.swift in Sources */ = {isa = PBXBuildFile; fileRef = 7A9522F32CA5E65000174793 /* SignInController.swift */; };
		7A9522F62CA5F34300174793 /* ListPlacesController.swift in Sources */ = {isa = PBXBuildFile; fileRef = 7A9522F52CA5F34300174793 /* ListPlacesController.swift */; };
		7A9522F82CA8096200174793 /* CreatePlaceController.swift in Sources */ = {isa = PBXBuildFile; fileRef = 7A9522F72CA8096200174793 /* CreatePlaceController.swift */; };
		7A9522FA2CA810D400174793 /* ChooseLocationController.swift in Sources */ = {isa = PBXBuildFile; fileRef = 7A9522F92CA810D400174793 /* ChooseLocationController.swift */; };
		7A9522FE2CA8B25700174793 /* PlaceDetailController.swift in Sources */ = {isa = PBXBuildFile; fileRef = 7A9522FD2CA8B25700174793 /* PlaceDetailController.swift */; };
		F75B5E0A2F73DEAC2282E242 /* Pods_FoursquareClone.framework in Frameworks */ = {isa = PBXBuildFile; fileRef = 5847B836655D9F5F50102CC9 /* Pods_FoursquareClone.framework */; };
/* End PBXBuildFile section */

/* Begin PBXFileReference section */
		5847B836655D9F5F50102CC9 /* Pods_FoursquareClone.framework */ = {isa = PBXFileReference; explicitFileType = wrapper.framework; includeInIndex = 0; path = Pods_FoursquareClone.framework; sourceTree = BUILT_PRODUCTS_DIR; };
		7A9522CF2CA484AE00174793 /* FoursquareClone.app */ = {isa = PBXFileReference; explicitFileType = wrapper.application; includeInIndex = 0; path = FoursquareClone.app; sourceTree = BUILT_PRODUCTS_DIR; };
		7A9522D22CA484AE00174793 /* AppDelegate.swift */ = {isa = PBXFileReference; lastKnownFileType = sourcecode.swift; path = AppDelegate.swift; sourceTree = "<group>"; };
		7A9522D42CA484AE00174793 /* SceneDelegate.swift */ = {isa = PBXFileReference; lastKnownFileType = sourcecode.swift; path = SceneDelegate.swift; sourceTree = "<group>"; };
		7A9522D62CA484AE00174793 /* SignUpController.swift */ = {isa = PBXFileReference; lastKnownFileType = sourcecode.swift; path = SignUpController.swift; sourceTree = "<group>"; };
		7A9522D92CA484AE00174793 /* Base */ = {isa = PBXFileReference; lastKnownFileType = file.storyboard; name = Base; path = Base.lproj/Main.storyboard; sourceTree = "<group>"; };
		7A9522DB2CA484B200174793 /* Assets.xcassets */ = {isa = PBXFileReference; lastKnownFileType = folder.assetcatalog; path = Assets.xcassets; sourceTree = "<group>"; };
		7A9522DE2CA484B200174793 /* Base */ = {isa = PBXFileReference; lastKnownFileType = file.storyboard; name = Base; path = Base.lproj/LaunchScreen.storyboard; sourceTree = "<group>"; };
		7A9522E02CA484B200174793 /* Info.plist */ = {isa = PBXFileReference; lastKnownFileType = text.plist.xml; path = Info.plist; sourceTree = "<group>"; };
		7A9522E62CA4AD7300174793 /* Parse.framework */ = {isa = PBXFileReference; explicitFileType = wrapper.framework; path = Parse.framework; sourceTree = BUILT_PRODUCTS_DIR; };
		7A9522F02CA4D6AD00174793 /* ErrorMiddleWare.swift */ = {isa = PBXFileReference; lastKnownFileType = sourcecode.swift; path = ErrorMiddleWare.swift; sourceTree = "<group>"; };
		7A9522F32CA5E65000174793 /* SignInController.swift */ = {isa = PBXFileReference; lastKnownFileType = sourcecode.swift; path = SignInController.swift; sourceTree = "<group>"; };
		7A9522F52CA5F34300174793 /* ListPlacesController.swift */ = {isa = PBXFileReference; lastKnownFileType = sourcecode.swift; path = ListPlacesController.swift; sourceTree = "<group>"; };
		7A9522F72CA8096200174793 /* CreatePlaceController.swift */ = {isa = PBXFileReference; lastKnownFileType = sourcecode.swift; path = CreatePlaceController.swift; sourceTree = "<group>"; };
		7A9522F92CA810D400174793 /* ChooseLocationController.swift */ = {isa = PBXFileReference; lastKnownFileType = sourcecode.swift; path = ChooseLocationController.swift; sourceTree = "<group>"; };
		7A9522FD2CA8B25700174793 /* PlaceDetailController.swift */ = {isa = PBXFileReference; lastKnownFileType = sourcecode.swift; path = PlaceDetailController.swift; sourceTree = "<group>"; };
		8C5D06F4A212A0FA2E858BDD /* Pods-FoursquareClone.release.xcconfig */ = {isa = PBXFileReference; includeInIndex = 1; lastKnownFileType = text.xcconfig; name = "Pods-FoursquareClone.release.xcconfig"; path = "Target Support Files/Pods-FoursquareClone/Pods-FoursquareClone.release.xcconfig"; sourceTree = "<group>"; };
		A20EB40BDCB631B77CE5E542 /* Pods-FoursquareClone.debug.xcconfig */ = {isa = PBXFileReference; includeInIndex = 1; lastKnownFileType = text.xcconfig; name = "Pods-FoursquareClone.debug.xcconfig"; path = "Target Support Files/Pods-FoursquareClone/Pods-FoursquareClone.debug.xcconfig"; sourceTree = "<group>"; };
/* End PBXFileReference section */

/* Begin PBXFrameworksBuildPhase section */
		7A9522CC2CA484AE00174793 /* Frameworks */ = {
			isa = PBXFrameworksBuildPhase;
			buildActionMask = 2147483647;
			files = (
				7A9522E72CA4AD7300174793 /* Parse.framework in Frameworks */,
				F75B5E0A2F73DEAC2282E242 /* Pods_FoursquareClone.framework in Frameworks */,
			);
			runOnlyForDeploymentPostprocessing = 0;
		};
/* End PBXFrameworksBuildPhase section */

/* Begin PBXGroup section */
		694CA0E9042D00494003DC93 /* Pods */ = {
			isa = PBXGroup;
			children = (
				A20EB40BDCB631B77CE5E542 /* Pods-FoursquareClone.debug.xcconfig */,
				8C5D06F4A212A0FA2E858BDD /* Pods-FoursquareClone.release.xcconfig */,
			);
			path = Pods;
			sourceTree = "<group>";
		};
		76D65C9768EA8F6262596810 /* Frameworks */ = {
			isa = PBXGroup;
			children = (
				7A9522E62CA4AD7300174793 /* Parse.framework */,
				5847B836655D9F5F50102CC9 /* Pods_FoursquareClone.framework */,
			);
			name = Frameworks;
			sourceTree = "<group>";
		};
		7A9522C62CA484AE00174793 = {
			isa = PBXGroup;
			children = (
				7A9522D12CA484AE00174793 /* FoursquareClone */,
				7A9522D02CA484AE00174793 /* Products */,
				694CA0E9042D00494003DC93 /* Pods */,
				76D65C9768EA8F6262596810 /* Frameworks */,
			);
			sourceTree = "<group>";
		};
		7A9522D02CA484AE00174793 /* Products */ = {
			isa = PBXGroup;
			children = (
				7A9522CF2CA484AE00174793 /* FoursquareClone.app */,
			);
			name = Products;
			sourceTree = "<group>";
		};
		7A9522D12CA484AE00174793 /* FoursquareClone */ = {
			isa = PBXGroup;
			children = (
				7A9522F22CA4D7FE00174793 /* MiddleWare */,
				7A9522D22CA484AE00174793 /* AppDelegate.swift */,
				7A9522D42CA484AE00174793 /* SceneDelegate.swift */,
				7A9522E82CA4C30B00174793 /* Controller */,
				7A9522E92CA4C32E00174793 /* View */,
				7A9522DB2CA484B200174793 /* Assets.xcassets */,
				7A9522DD2CA484B200174793 /* LaunchScreen.storyboard */,
				7A9522E02CA484B200174793 /* Info.plist */,
			);
			path = FoursquareClone;
			sourceTree = "<group>";
		};
		7A9522E82CA4C30B00174793 /* Controller */ = {
			isa = PBXGroup;
			children = (
				7A9522FB2CA8B1DF00174793 /* Authentication */,
				7A9522FC2CA8B20600174793 /* PlaceCRUD */,
			);
			path = Controller;
			sourceTree = "<group>";
		};
		7A9522E92CA4C32E00174793 /* View */ = {
			isa = PBXGroup;
			children = (
				7A9522D82CA484AE00174793 /* Main.storyboard */,
			);
			path = View;
			sourceTree = "<group>";
		};
		7A9522F22CA4D7FE00174793 /* MiddleWare */ = {
			isa = PBXGroup;
			children = (
				7A9522F02CA4D6AD00174793 /* ErrorMiddleWare.swift */,
			);
			path = MiddleWare;
			sourceTree = "<group>";
		};
		7A9522FB2CA8B1DF00174793 /* Authentication */ = {
			isa = PBXGroup;
			children = (
				7A9522F32CA5E65000174793 /* SignInController.swift */,
				7A9522D62CA484AE00174793 /* SignUpController.swift */,
			);
			path = Authentication;
			sourceTree = "<group>";
		};
		7A9522FC2CA8B20600174793 /* PlaceCRUD */ = {
			isa = PBXGroup;
			children = (
				7A9522F92CA810D400174793 /* ChooseLocationController.swift */,
				7A9522F72CA8096200174793 /* CreatePlaceController.swift */,
				7A9522F52CA5F34300174793 /* ListPlacesController.swift */,
				7A9522FD2CA8B25700174793 /* PlaceDetailController.swift */,
			);
			path = PlaceCRUD;
			sourceTree = "<group>";
		};
/* End PBXGroup section */

/* Begin PBXNativeTarget section */
		7A9522CE2CA484AE00174793 /* FoursquareClone */ = {
			isa = PBXNativeTarget;
			buildConfigurationList = 7A9522E32CA484B200174793 /* Build configuration list for PBXNativeTarget "FoursquareClone" */;
			buildPhases = (
				5FBF55C62D538CE560F9DE7E /* [CP] Check Pods Manifest.lock */,
				7A9522CB2CA484AE00174793 /* Sources */,
				7A9522CC2CA484AE00174793 /* Frameworks */,
				7A9522CD2CA484AE00174793 /* Resources */,
				9B0A302C1AEB48272A01C0B6 /* [CP] Embed Pods Frameworks */,
			);
			buildRules = (
			);
			dependencies = (
			);
			name = FoursquareClone;
			productName = FoursquareClone;
			productReference = 7A9522CF2CA484AE00174793 /* FoursquareClone.app */;
			productType = "com.apple.product-type.application";
		};
/* End PBXNativeTarget section */

/* Begin PBXProject section */
		7A9522C72CA484AE00174793 /* Project object */ = {
			isa = PBXProject;
			attributes = {
				BuildIndependentTargetsInParallel = 1;
				LastSwiftUpdateCheck = 1520;
				LastUpgradeCheck = 1520;
				TargetAttributes = {
					7A9522CE2CA484AE00174793 = {
						CreatedOnToolsVersion = 15.2;
					};
				};
			};
			buildConfigurationList = 7A9522CA2CA484AE00174793 /* Build configuration list for PBXProject "FoursquareClone" */;
			compatibilityVersion = "Xcode 14.0";
			developmentRegion = en;
			hasScannedForEncodings = 0;
			knownRegions = (
				en,
				Base,
			);
			mainGroup = 7A9522C62CA484AE00174793;
			productRefGroup = 7A9522D02CA484AE00174793 /* Products */;
			projectDirPath = "";
			projectRoot = "";
			targets = (
				7A9522CE2CA484AE00174793 /* FoursquareClone */,
			);
		};
/* End PBXProject section */

/* Begin PBXResourcesBuildPhase section */
		7A9522CD2CA484AE00174793 /* Resources */ = {
			isa = PBXResourcesBuildPhase;
			buildActionMask = 2147483647;
			files = (
				7A9522DF2CA484B200174793 /* LaunchScreen.storyboard in Resources */,
				7A9522DC2CA484B200174793 /* Assets.xcassets in Resources */,
				7A9522DA2CA484AE00174793 /* Main.storyboard in Resources */,
			);
			runOnlyForDeploymentPostprocessing = 0;
		};
/* End PBXResourcesBuildPhase section */

/* Begin PBXShellScriptBuildPhase section */
		5FBF55C62D538CE560F9DE7E /* [CP] Check Pods Manifest.lock */ = {
			isa = PBXShellScriptBuildPhase;
			buildActionMask = 2147483647;
			files = (
			);
			inputFileListPaths = (
			);
			inputPaths = (
				"${PODS_PODFILE_DIR_PATH}/Podfile.lock",
				"${PODS_ROOT}/Manifest.lock",
			);
			name = "[CP] Check Pods Manifest.lock";
			outputFileListPaths = (
			);
			outputPaths = (
				"$(DERIVED_FILE_DIR)/Pods-FoursquareClone-checkManifestLockResult.txt",
			);
			runOnlyForDeploymentPostprocessing = 0;
			shellPath = /bin/sh;
			shellScript = "diff \"${PODS_PODFILE_DIR_PATH}/Podfile.lock\" \"${PODS_ROOT}/Manifest.lock\" > /dev/null\nif [ $? != 0 ] ; then\n    # print error to STDERR\n    echo \"error: The sandbox is not in sync with the Podfile.lock. Run 'pod install' or update your CocoaPods installation.\" >&2\n    exit 1\nfi\n# This output is used by Xcode 'outputs' to avoid re-running this script phase.\necho \"SUCCESS\" > \"${SCRIPT_OUTPUT_FILE_0}\"\n";
			showEnvVarsInLog = 0;
		};
		9B0A302C1AEB48272A01C0B6 /* [CP] Embed Pods Frameworks */ = {
			isa = PBXShellScriptBuildPhase;
			buildActionMask = 2147483647;
			files = (
			);
			inputFileListPaths = (
				"${PODS_ROOT}/Target Support Files/Pods-FoursquareClone/Pods-FoursquareClone-frameworks-${CONFIGURATION}-input-files.xcfilelist",
			);
			name = "[CP] Embed Pods Frameworks";
			outputFileListPaths = (
				"${PODS_ROOT}/Target Support Files/Pods-FoursquareClone/Pods-FoursquareClone-frameworks-${CONFIGURATION}-output-files.xcfilelist",
			);
			runOnlyForDeploymentPostprocessing = 0;
			shellPath = /bin/sh;
			shellScript = "\"${PODS_ROOT}/Target Support Files/Pods-FoursquareClone/Pods-FoursquareClone-frameworks.sh\"\n";
			showEnvVarsInLog = 0;
		};
/* End PBXShellScriptBuildPhase section */

/* Begin PBXSourcesBuildPhase section */
		7A9522CB2CA484AE00174793 /* Sources */ = {
			isa = PBXSourcesBuildPhase;
			buildActionMask = 2147483647;
			files = (
				7A9522F12CA4D6AD00174793 /* ErrorMiddleWare.swift in Sources */,
				7A9522F82CA8096200174793 /* CreatePlaceController.swift in Sources */,
				7A9522D72CA484AE00174793 /* SignUpController.swift in Sources */,
				7A9522FE2CA8B25700174793 /* PlaceDetailController.swift in Sources */,
				7A9522D32CA484AE00174793 /* AppDelegate.swift in Sources */,
				7A9522F42CA5E65000174793 /* SignInController.swift in Sources */,
				7A9522D52CA484AE00174793 /* SceneDelegate.swift in Sources */,
				7A9522F62CA5F34300174793 /* ListPlacesController.swift in Sources */,
				7A9522FA2CA810D400174793 /* ChooseLocationController.swift in Sources */,
			);
			runOnlyForDeploymentPostprocessing = 0;
		};
/* End PBXSourcesBuildPhase section */

/* Begin PBXVariantGroup section */
		7A9522D82CA484AE00174793 /* Main.storyboard */ = {
			isa = PBXVariantGroup;
			children = (
				7A9522D92CA484AE00174793 /* Base */,
			);
			name = Main.storyboard;
			sourceTree = "<group>";
		};
		7A9522DD2CA484B200174793 /* LaunchScreen.storyboard */ = {
			isa = PBXVariantGroup;
			children = (
				7A9522DE2CA484B200174793 /* Base */,
			);
			name = LaunchScreen.storyboard;
			sourceTree = "<group>";
		};
/* End PBXVariantGroup section */

/* Begin XCBuildConfiguration section */
		7A9522E12CA484B200174793 /* Debug */ = {
			isa = XCBuildConfiguration;
			buildSettings = {
				ALWAYS_SEARCH_USER_PATHS = NO;
				ASSETCATALOG_COMPILER_GENERATE_SWIFT_ASSET_SYMBOL_EXTENSIONS = YES;
				CLANG_ANALYZER_NONNULL = YES;
				CLANG_ANALYZER_NUMBER_OBJECT_CONVERSION = YES_AGGRESSIVE;
				CLANG_CXX_LANGUAGE_STANDARD = "gnu++20";
				CLANG_ENABLE_MODULES = YES;
				CLANG_ENABLE_OBJC_ARC = YES;
				CLANG_ENABLE_OBJC_WEAK = YES;
				CLANG_WARN_BLOCK_CAPTURE_AUTORELEASING = YES;
				CLANG_WARN_BOOL_CONVERSION = YES;
				CLANG_WARN_COMMA = YES;
				CLANG_WARN_CONSTANT_CONVERSION = YES;
				CLANG_WARN_DEPRECATED_OBJC_IMPLEMENTATIONS = YES;
				CLANG_WARN_DIRECT_OBJC_ISA_USAGE = YES_ERROR;
				CLANG_WARN_DOCUMENTATION_COMMENTS = YES;
				CLANG_WARN_EMPTY_BODY = YES;
				CLANG_WARN_ENUM_CONVERSION = YES;
				CLANG_WARN_INFINITE_RECURSION = YES;
				CLANG_WARN_INT_CONVERSION = YES;
				CLANG_WARN_NON_LITERAL_NULL_CONVERSION = YES;
				CLANG_WARN_OBJC_IMPLICIT_RETAIN_SELF = YES;
				CLANG_WARN_OBJC_LITERAL_CONVERSION = YES;
				CLANG_WARN_OBJC_ROOT_CLASS = YES_ERROR;
				CLANG_WARN_QUOTED_INCLUDE_IN_FRAMEWORK_HEADER = YES;
				CLANG_WARN_RANGE_LOOP_ANALYSIS = YES;
				CLANG_WARN_STRICT_PROTOTYPES = YES;
				CLANG_WARN_SUSPICIOUS_MOVE = YES;
				CLANG_WARN_UNGUARDED_AVAILABILITY = YES_AGGRESSIVE;
				CLANG_WARN_UNREACHABLE_CODE = YES;
				CLANG_WARN__DUPLICATE_METHOD_MATCH = YES;
				COPY_PHASE_STRIP = NO;
				DEBUG_INFORMATION_FORMAT = dwarf;
				ENABLE_STRICT_OBJC_MSGSEND = YES;
				ENABLE_TESTABILITY = YES;
				ENABLE_USER_SCRIPT_SANDBOXING = NO;
				GCC_C_LANGUAGE_STANDARD = gnu17;
				GCC_DYNAMIC_NO_PIC = NO;
				GCC_NO_COMMON_BLOCKS = YES;
				GCC_OPTIMIZATION_LEVEL = 0;
				GCC_PREPROCESSOR_DEFINITIONS = (
					"DEBUG=1",
					"$(inherited)",
				);
				GCC_WARN_64_TO_32_BIT_CONVERSION = YES;
				GCC_WARN_ABOUT_RETURN_TYPE = YES_ERROR;
				GCC_WARN_UNDECLARED_SELECTOR = YES;
				GCC_WARN_UNINITIALIZED_AUTOS = YES_AGGRESSIVE;
				GCC_WARN_UNUSED_FUNCTION = YES;
				GCC_WARN_UNUSED_VARIABLE = YES;
				IPHONEOS_DEPLOYMENT_TARGET = 17.2;
				LOCALIZATION_PREFERS_STRING_CATALOGS = YES;
				MTL_ENABLE_DEBUG_INFO = INCLUDE_SOURCE;
				MTL_FAST_MATH = YES;
				ONLY_ACTIVE_ARCH = YES;
				SDKROOT = iphoneos;
				SWIFT_ACTIVE_COMPILATION_CONDITIONS = "DEBUG $(inherited)";
				SWIFT_OPTIMIZATION_LEVEL = "-Onone";
			};
			name = Debug;
		};
		7A9522E22CA484B200174793 /* Release */ = {
			isa = XCBuildConfiguration;
			buildSettings = {
				ALWAYS_SEARCH_USER_PATHS = NO;
				ASSETCATALOG_COMPILER_GENERATE_SWIFT_ASSET_SYMBOL_EXTENSIONS = YES;
				CLANG_ANALYZER_NONNULL = YES;
				CLANG_ANALYZER_NUMBER_OBJECT_CONVERSION = YES_AGGRESSIVE;
				CLANG_CXX_LANGUAGE_STANDARD = "gnu++20";
				CLANG_ENABLE_MODULES = YES;
				CLANG_ENABLE_OBJC_ARC = YES;
				CLANG_ENABLE_OBJC_WEAK = YES;
				CLANG_WARN_BLOCK_CAPTURE_AUTORELEASING = YES;
				CLANG_WARN_BOOL_CONVERSION = YES;
				CLANG_WARN_COMMA = YES;
				CLANG_WARN_CONSTANT_CONVERSION = YES;
				CLANG_WARN_DEPRECATED_OBJC_IMPLEMENTATIONS = YES;
				CLANG_WARN_DIRECT_OBJC_ISA_USAGE = YES_ERROR;
				CLANG_WARN_DOCUMENTATION_COMMENTS = YES;
				CLANG_WARN_EMPTY_BODY = YES;
				CLANG_WARN_ENUM_CONVERSION = YES;
				CLANG_WARN_INFINITE_RECURSION = YES;
				CLANG_WARN_INT_CONVERSION = YES;
				CLANG_WARN_NON_LITERAL_NULL_CONVERSION = YES;
				CLANG_WARN_OBJC_IMPLICIT_RETAIN_SELF = YES;
				CLANG_WARN_OBJC_LITERAL_CONVERSION = YES;
				CLANG_WARN_OBJC_ROOT_CLASS = YES_ERROR;
				CLANG_WARN_QUOTED_INCLUDE_IN_FRAMEWORK_HEADER = YES;
				CLANG_WARN_RANGE_LOOP_ANALYSIS = YES;
				CLANG_WARN_STRICT_PROTOTYPES = YES;
				CLANG_WARN_SUSPICIOUS_MOVE = YES;
				CLANG_WARN_UNGUARDED_AVAILABILITY = YES_AGGRESSIVE;
				CLANG_WARN_UNREACHABLE_CODE = YES;
				CLANG_WARN__DUPLICATE_METHOD_MATCH = YES;
				COPY_PHASE_STRIP = NO;
				DEBUG_INFORMATION_FORMAT = "dwarf-with-dsym";
				ENABLE_NS_ASSERTIONS = NO;
				ENABLE_STRICT_OBJC_MSGSEND = YES;
				ENABLE_USER_SCRIPT_SANDBOXING = NO;
				GCC_C_LANGUAGE_STANDARD = gnu17;
				GCC_NO_COMMON_BLOCKS = YES;
				GCC_WARN_64_TO_32_BIT_CONVERSION = YES;
				GCC_WARN_ABOUT_RETURN_TYPE = YES_ERROR;
				GCC_WARN_UNDECLARED_SELECTOR = YES;
				GCC_WARN_UNINITIALIZED_AUTOS = YES_AGGRESSIVE;
				GCC_WARN_UNUSED_FUNCTION = YES;
				GCC_WARN_UNUSED_VARIABLE = YES;
				IPHONEOS_DEPLOYMENT_TARGET = 17.2;
				LOCALIZATION_PREFERS_STRING_CATALOGS = YES;
				MTL_ENABLE_DEBUG_INFO = NO;
				MTL_FAST_MATH = YES;
				SDKROOT = iphoneos;
				SWIFT_COMPILATION_MODE = wholemodule;
				VALIDATE_PRODUCT = YES;
			};
			name = Release;
		};
		7A9522E42CA484B200174793 /* Debug */ = {
			isa = XCBuildConfiguration;
			baseConfigurationReference = A20EB40BDCB631B77CE5E542 /* Pods-FoursquareClone.debug.xcconfig */;
			buildSettings = {
				ASSETCATALOG_COMPILER_APPICON_NAME = AppIcon;
				ASSETCATALOG_COMPILER_GLOBAL_ACCENT_COLOR_NAME = AccentColor;
				CODE_SIGN_STYLE = Automatic;
				CURRENT_PROJECT_VERSION = 1;
				GENERATE_INFOPLIST_FILE = YES;
				INFOPLIST_FILE = FoursquareClone/Info.plist;
				INFOPLIST_KEY_UIApplicationSupportsIndirectInputEvents = YES;
				INFOPLIST_KEY_UILaunchStoryboardName = LaunchScreen;
				INFOPLIST_KEY_UIMainStoryboardFile = Main;
				INFOPLIST_KEY_UISupportedInterfaceOrientations_iPad = "UIInterfaceOrientationPortrait UIInterfaceOrientationPortraitUpsideDown UIInterfaceOrientationLandscapeLeft UIInterfaceOrientationLandscapeRight";
				INFOPLIST_KEY_UISupportedInterfaceOrientations_iPhone = "UIInterfaceOrientationPortrait UIInterfaceOrientationLandscapeLeft UIInterfaceOrientationLandscapeRight";
				LD_RUNPATH_SEARCH_PATHS = (
					"$(inherited)",
					"@executable_path/Frameworks",
				);
				MARKETING_VERSION = 1.0;
				PRODUCT_BUNDLE_IDENTIFIER = com.s3limm.FoursquareClone;
				PRODUCT_NAME = "$(TARGET_NAME)";
				SWIFT_EMIT_LOC_STRINGS = YES;
				SWIFT_VERSION = 5.0;
				TARGETED_DEVICE_FAMILY = "1,2";
			};
			name = Debug;
		};
		7A9522E52CA484B200174793 /* Release */ = {
			isa = XCBuildConfiguration;
			baseConfigurationReference = 8C5D06F4A212A0FA2E858BDD /* Pods-FoursquareClone.release.xcconfig */;
			buildSettings = {
				ASSETCATALOG_COMPILER_APPICON_NAME = AppIcon;
				ASSETCATALOG_COMPILER_GLOBAL_ACCENT_COLOR_NAME = AccentColor;
				CODE_SIGN_STYLE = Automatic;
				CURRENT_PROJECT_VERSION = 1;
				GENERATE_INFOPLIST_FILE = YES;
				INFOPLIST_FILE = FoursquareClone/Info.plist;
				INFOPLIST_KEY_UIApplicationSupportsIndirectInputEvents = YES;
				INFOPLIST_KEY_UILaunchStoryboardName = LaunchScreen;
				INFOPLIST_KEY_UIMainStoryboardFile = Main;
				INFOPLIST_KEY_UISupportedInterfaceOrientations_iPad = "UIInterfaceOrientationPortrait UIInterfaceOrientationPortraitUpsideDown UIInterfaceOrientationLandscapeLeft UIInterfaceOrientationLandscapeRight";
				INFOPLIST_KEY_UISupportedInterfaceOrientations_iPhone = "UIInterfaceOrientationPortrait UIInterfaceOrientationLandscapeLeft UIInterfaceOrientationLandscapeRight";
				LD_RUNPATH_SEARCH_PATHS = (
					"$(inherited)",
					"@executable_path/Frameworks",
				);
				MARKETING_VERSION = 1.0;
				PRODUCT_BUNDLE_IDENTIFIER = com.s3limm.FoursquareClone;
				PRODUCT_NAME = "$(TARGET_NAME)";
				SWIFT_EMIT_LOC_STRINGS = YES;
				SWIFT_VERSION = 5.0;
				TARGETED_DEVICE_FAMILY = "1,2";
			};
			name = Release;
		};
/* End XCBuildConfiguration section */

/* Begin XCConfigurationList section */
		7A9522CA2CA484AE00174793 /* Build configuration list for PBXProject "FoursquareClone" */ = {
			isa = XCConfigurationList;
			buildConfigurations = (
				7A9522E12CA484B200174793 /* Debug */,
				7A9522E22CA484B200174793 /* Release */,
			);
			defaultConfigurationIsVisible = 0;
			defaultConfigurationName = Release;
		};
		7A9522E32CA484B200174793 /* Build configuration list for PBXNativeTarget "FoursquareClone" */ = {
			isa = XCConfigurationList;
			buildConfigurations = (
				7A9522E42CA484B200174793 /* Debug */,
				7A9522E52CA484B200174793 /* Release */,
			);
			defaultConfigurationIsVisible = 0;
			defaultConfigurationName = Release;
		};
/* End XCConfigurationList section */
	};
	rootObject = 7A9522C72CA484AE00174793 /* Project object */;
}
